
Microsoft Visual Studio Solution File, Format Version 12.00
# Visual Studio Version 16
VisualStudioVersion = 16.0.29411.108
MinimumVisualStudioVersion = 10.0.40219.1
Project("{9A19103F-16F7-4668-BE54-9A1E7A4F7556}") = "AspCore.Entities", "AspCore.Entities\AspCore.Entities.csproj", "{07EAACD3-58A0-48DA-A7B3-6DFC3EDA58B0}"
EndProject
Project("{9A19103F-16F7-4668-BE54-9A1E7A4F7556}") = "AspCore.Dependency", "AspCore.Dependency\AspCore.Dependency.csproj", "{E721B55D-9EC6-4A67-9498-C987AD180CF9}"
EndProject
Project("{9A19103F-16F7-4668-BE54-9A1E7A4F7556}") = "AspCore.Utilities", "AspCore.Utilities\AspCore.Utilities.csproj", "{3A67564D-47AB-48E0-B635-452E385A0002}"
EndProject
Project("{9A19103F-16F7-4668-BE54-9A1E7A4F7556}") = "AspCore.AOP", "AspCore.AOP\AspCore.AOP.csproj", "{0FE0674A-BB2A-4BBB-A6FD-B64B5FB8B6BC}"
EndProject
Project("{9A19103F-16F7-4668-BE54-9A1E7A4F7556}") = "AspCore.Extension", "AspCore.Extension\AspCore.Extension.csproj", "{EE295413-183A-4645-834F-E39B5426BC9F}"
EndProject
Project("{9A19103F-16F7-4668-BE54-9A1E7A4F7556}") = "AspCore.ApiClient", "AspCore.ApiClient\AspCore.ApiClient.csproj", "{5EB37E4A-5A2F-487A-8D03-7EDAD1C00041}"
EndProject
Project("{9A19103F-16F7-4668-BE54-9A1E7A4F7556}") = "AspCore.DataAccess", "AspCore.DataAccess\AspCore.DataAccess.csproj", "{A5A80472-D05B-4777-877E-F6B0110572E0}"
EndProject
Project("{9A19103F-16F7-4668-BE54-9A1E7A4F7556}") = "AspCore.ConfigurationAccess", "AspCore.ConfigurationAccess\AspCore.ConfigurationAccess.csproj", "{E3418B41-F3DE-4303-BA4B-E637CDC300B2}"
EndProject
Project("{9A19103F-16F7-4668-BE54-9A1E7A4F7556}") = "AspCore.Business", "AspCore.Business\AspCore.Business.csproj", "{2709A4F5-CC24-48D9-B4A5-76EB3EBE81C9}"
EndProject
Project("{9A19103F-16F7-4668-BE54-9A1E7A4F7556}") = "AspCore.DocumentAccess", "AspCore.DocumentAccess\AspCore.DocumentAccess.csproj", "{651804C3-62B6-489E-B783-AA5C1FE287F5}"
EndProject
Project("{9A19103F-16F7-4668-BE54-9A1E7A4F7556}") = "AspCore.BackendForFrontend", "AspCore.BackendForFrontend\AspCore.BackendForFrontend.csproj", "{C4D294B6-9929-4128-AD88-2A325DE09500}"
EndProject
Project("{9A19103F-16F7-4668-BE54-9A1E7A4F7556}") = "AspCore.WebApi", "AspCore.WebApi\AspCore.WebApi.csproj", "{6457C98B-E9D1-4054-9DE6-87969746B6E6}"
EndProject
Project("{9A19103F-16F7-4668-BE54-9A1E7A4F7556}") = "AspCore.WebComponents", "AspCore.WebComponents\AspCore.WebComponents.csproj", "{FFE84523-F825-476E-BA65-8D7D838D9433}"
EndProject
Project("{9A19103F-16F7-4668-BE54-9A1E7A4F7556}") = "AspCore.Web", "AspCore.Web\AspCore.Web.csproj", "{3196D97B-E9DB-4656-B810-294083133EA8}"
EndProject
Project("{2150E333-8FDC-42A3-9474-1A3956D46DE8}") = "src", "src", "{968AC7B7-17FA-41A4-A643-9C4D03AC9525}"
EndProject
Project("{2150E333-8FDC-42A3-9474-1A3956D46DE8}") = "test", "test", "{B56A2C0A-54B0-48B8-8A25-64A9EB0ECDD0}"
EndProject
Project("{9A19103F-16F7-4668-BE54-9A1E7A4F7556}") = "AspCoreTest.Entities", "AspCoreTest.Entities\AspCoreTest.Entities.csproj", "{C72D684C-5455-40FB-BFC4-55A47C37DFEC}"
EndProject
Project("{9A19103F-16F7-4668-BE54-9A1E7A4F7556}") = "AspCoreTest.DataAccess", "AspCoreTest.DataAccess\AspCoreTest.DataAccess.csproj", "{45AD9BF8-7F17-4E98-BE61-43ACC57DAF13}"
EndProject
Project("{9A19103F-16F7-4668-BE54-9A1E7A4F7556}") = "AspCoreTest.Business", "AspCoreTest.Business\AspCoreTest.Business.csproj", "{C69ADFCA-38BD-4540-989D-9B64F6AD365B}"
EndProject
Project("{9A19103F-16F7-4668-BE54-9A1E7A4F7556}") = "AspCoreTest.WebApi", "AspCoreTest.WebApi\AspCoreTest.WebApi.csproj", "{CFA3049E-C0B0-4FF4-BFF6-086494D0F945}"
EndProject
Project("{9A19103F-16F7-4668-BE54-9A1E7A4F7556}") = "AspCoreTest.WebUI", "AspCoreTest.WebUI\AspCoreTest.WebUI.csproj", "{EE29991C-FB3E-4BD0-997F-8E2B482F4118}"
EndProject
Project("{9A19103F-16F7-4668-BE54-9A1E7A4F7556}") = "AspCore.ConnectedApi", "AspCore.ConnectedApi\AspCore.ConnectedApi.csproj", "{D93F7C39-FBC9-42A2-97BF-ADAE02FAA091}"
EndProject
Project("{9A19103F-16F7-4668-BE54-9A1E7A4F7556}") = "AspCore.BusinessApi", "AspCore.BusinessApi\AspCore.BusinessApi.csproj", "{0276BADC-F16F-48B2-834E-373436629485}"
EndProject
Project("{9A19103F-16F7-4668-BE54-9A1E7A4F7556}") = "AspCore.Caching", "AspCore.Caching\AspCore.Caching.csproj", "{73877DCB-2354-4BCB-92C1-14ACF65BDE3D}"
EndProject
Project("{9A19103F-16F7-4668-BE54-9A1E7A4F7556}") = "AspCore.ElasticSearch", "AspCore.ElasticSearch\AspCore.ElasticSearch.csproj", "{CD09AF31-BD3F-4871-A9DA-3FECE04B1DE7}"
EndProject
Project("{9A19103F-16F7-4668-BE54-9A1E7A4F7556}") = "AspCore.DataSearchApi", "AspCore.DataSearchApi\AspCore.DataSearchApi.csproj", "{5DA74DEE-0A2A-4188-87EC-9336B2AA920F}"
EndProject
Project("{9A19103F-16F7-4668-BE54-9A1E7A4F7556}") = "AspCore.ElasticSearchApiClient", "AspCore.ElasticSearchApiClient\AspCore.ElasticSearchApiClient.csproj", "{A7FD6555-689D-48D9-84FC-CC2AA9E77042}"
EndProject
Project("{FAE04EC0-301F-11D3-BF4B-00C04F79EFBC}") = "AspCoreTest.DataSearchApi", "AspCoreTest.DataSearchApi\AspCoreTest.DataSearchApi.csproj", "{5AC4355A-FA48-4C62-9D38-E1006DCF639D}"
EndProject
Project("{FAE04EC0-301F-11D3-BF4B-00C04F79EFBC}") = "AspCore.DataSearch", "AspCore.DataSearch\AspCore.DataSearch.csproj", "{4BFF4F03-D238-4737-AD44-895B88CF4BB8}"
EndProject
Global
	GlobalSection(SolutionConfigurationPlatforms) = preSolution
		Debug|Any CPU = Debug|Any CPU
		Release|Any CPU = Release|Any CPU
	EndGlobalSection
	GlobalSection(ProjectConfigurationPlatforms) = postSolution
		{07EAACD3-58A0-48DA-A7B3-6DFC3EDA58B0}.Debug|Any CPU.ActiveCfg = Debug|Any CPU
		{07EAACD3-58A0-48DA-A7B3-6DFC3EDA58B0}.Debug|Any CPU.Build.0 = Debug|Any CPU
		{07EAACD3-58A0-48DA-A7B3-6DFC3EDA58B0}.Release|Any CPU.ActiveCfg = Release|Any CPU
		{07EAACD3-58A0-48DA-A7B3-6DFC3EDA58B0}.Release|Any CPU.Build.0 = Release|Any CPU
		{E721B55D-9EC6-4A67-9498-C987AD180CF9}.Debug|Any CPU.ActiveCfg = Debug|Any CPU
		{E721B55D-9EC6-4A67-9498-C987AD180CF9}.Debug|Any CPU.Build.0 = Debug|Any CPU
		{E721B55D-9EC6-4A67-9498-C987AD180CF9}.Release|Any CPU.ActiveCfg = Release|Any CPU
		{E721B55D-9EC6-4A67-9498-C987AD180CF9}.Release|Any CPU.Build.0 = Release|Any CPU
		{3A67564D-47AB-48E0-B635-452E385A0002}.Debug|Any CPU.ActiveCfg = Debug|Any CPU
		{3A67564D-47AB-48E0-B635-452E385A0002}.Debug|Any CPU.Build.0 = Debug|Any CPU
		{3A67564D-47AB-48E0-B635-452E385A0002}.Release|Any CPU.ActiveCfg = Release|Any CPU
		{3A67564D-47AB-48E0-B635-452E385A0002}.Release|Any CPU.Build.0 = Release|Any CPU
		{0FE0674A-BB2A-4BBB-A6FD-B64B5FB8B6BC}.Debug|Any CPU.ActiveCfg = Debug|Any CPU
		{0FE0674A-BB2A-4BBB-A6FD-B64B5FB8B6BC}.Debug|Any CPU.Build.0 = Debug|Any CPU
		{0FE0674A-BB2A-4BBB-A6FD-B64B5FB8B6BC}.Release|Any CPU.ActiveCfg = Release|Any CPU
		{0FE0674A-BB2A-4BBB-A6FD-B64B5FB8B6BC}.Release|Any CPU.Build.0 = Release|Any CPU
		{EE295413-183A-4645-834F-E39B5426BC9F}.Debug|Any CPU.ActiveCfg = Debug|Any CPU
		{EE295413-183A-4645-834F-E39B5426BC9F}.Debug|Any CPU.Build.0 = Debug|Any CPU
		{EE295413-183A-4645-834F-E39B5426BC9F}.Release|Any CPU.ActiveCfg = Release|Any CPU
		{EE295413-183A-4645-834F-E39B5426BC9F}.Release|Any CPU.Build.0 = Release|Any CPU
		{5EB37E4A-5A2F-487A-8D03-7EDAD1C00041}.Debug|Any CPU.ActiveCfg = Debug|Any CPU
		{5EB37E4A-5A2F-487A-8D03-7EDAD1C00041}.Debug|Any CPU.Build.0 = Debug|Any CPU
		{5EB37E4A-5A2F-487A-8D03-7EDAD1C00041}.Release|Any CPU.ActiveCfg = Release|Any CPU
		{5EB37E4A-5A2F-487A-8D03-7EDAD1C00041}.Release|Any CPU.Build.0 = Release|Any CPU
		{A5A80472-D05B-4777-877E-F6B0110572E0}.Debug|Any CPU.ActiveCfg = Debug|Any CPU
		{A5A80472-D05B-4777-877E-F6B0110572E0}.Debug|Any CPU.Build.0 = Debug|Any CPU
		{A5A80472-D05B-4777-877E-F6B0110572E0}.Release|Any CPU.ActiveCfg = Release|Any CPU
		{A5A80472-D05B-4777-877E-F6B0110572E0}.Release|Any CPU.Build.0 = Release|Any CPU
		{E3418B41-F3DE-4303-BA4B-E637CDC300B2}.Debug|Any CPU.ActiveCfg = Debug|Any CPU
		{E3418B41-F3DE-4303-BA4B-E637CDC300B2}.Debug|Any CPU.Build.0 = Debug|Any CPU
		{E3418B41-F3DE-4303-BA4B-E637CDC300B2}.Release|Any CPU.ActiveCfg = Release|Any CPU
		{E3418B41-F3DE-4303-BA4B-E637CDC300B2}.Release|Any CPU.Build.0 = Release|Any CPU
		{2709A4F5-CC24-48D9-B4A5-76EB3EBE81C9}.Debug|Any CPU.ActiveCfg = Debug|Any CPU
		{2709A4F5-CC24-48D9-B4A5-76EB3EBE81C9}.Debug|Any CPU.Build.0 = Debug|Any CPU
		{2709A4F5-CC24-48D9-B4A5-76EB3EBE81C9}.Release|Any CPU.ActiveCfg = Release|Any CPU
		{2709A4F5-CC24-48D9-B4A5-76EB3EBE81C9}.Release|Any CPU.Build.0 = Release|Any CPU
		{651804C3-62B6-489E-B783-AA5C1FE287F5}.Debug|Any CPU.ActiveCfg = Debug|Any CPU
		{651804C3-62B6-489E-B783-AA5C1FE287F5}.Debug|Any CPU.Build.0 = Debug|Any CPU
		{651804C3-62B6-489E-B783-AA5C1FE287F5}.Release|Any CPU.ActiveCfg = Release|Any CPU
		{651804C3-62B6-489E-B783-AA5C1FE287F5}.Release|Any CPU.Build.0 = Release|Any CPU
		{C4D294B6-9929-4128-AD88-2A325DE09500}.Debug|Any CPU.ActiveCfg = Debug|Any CPU
		{C4D294B6-9929-4128-AD88-2A325DE09500}.Debug|Any CPU.Build.0 = Debug|Any CPU
		{C4D294B6-9929-4128-AD88-2A325DE09500}.Release|Any CPU.ActiveCfg = Release|Any CPU
		{C4D294B6-9929-4128-AD88-2A325DE09500}.Release|Any CPU.Build.0 = Release|Any CPU
		{6457C98B-E9D1-4054-9DE6-87969746B6E6}.Debug|Any CPU.ActiveCfg = Debug|Any CPU
		{6457C98B-E9D1-4054-9DE6-87969746B6E6}.Debug|Any CPU.Build.0 = Debug|Any CPU
		{6457C98B-E9D1-4054-9DE6-87969746B6E6}.Release|Any CPU.ActiveCfg = Release|Any CPU
		{6457C98B-E9D1-4054-9DE6-87969746B6E6}.Release|Any CPU.Build.0 = Release|Any CPU
		{FFE84523-F825-476E-BA65-8D7D838D9433}.Debug|Any CPU.ActiveCfg = Debug|Any CPU
		{FFE84523-F825-476E-BA65-8D7D838D9433}.Debug|Any CPU.Build.0 = Debug|Any CPU
		{FFE84523-F825-476E-BA65-8D7D838D9433}.Release|Any CPU.ActiveCfg = Release|Any CPU
		{FFE84523-F825-476E-BA65-8D7D838D9433}.Release|Any CPU.Build.0 = Release|Any CPU
		{3196D97B-E9DB-4656-B810-294083133EA8}.Debug|Any CPU.ActiveCfg = Debug|Any CPU
		{3196D97B-E9DB-4656-B810-294083133EA8}.Debug|Any CPU.Build.0 = Debug|Any CPU
		{3196D97B-E9DB-4656-B810-294083133EA8}.Release|Any CPU.ActiveCfg = Release|Any CPU
		{3196D97B-E9DB-4656-B810-294083133EA8}.Release|Any CPU.Build.0 = Release|Any CPU
		{C72D684C-5455-40FB-BFC4-55A47C37DFEC}.Debug|Any CPU.ActiveCfg = Debug|Any CPU
		{C72D684C-5455-40FB-BFC4-55A47C37DFEC}.Debug|Any CPU.Build.0 = Debug|Any CPU
		{C72D684C-5455-40FB-BFC4-55A47C37DFEC}.Release|Any CPU.ActiveCfg = Release|Any CPU
		{C72D684C-5455-40FB-BFC4-55A47C37DFEC}.Release|Any CPU.Build.0 = Release|Any CPU
		{45AD9BF8-7F17-4E98-BE61-43ACC57DAF13}.Debug|Any CPU.ActiveCfg = Debug|Any CPU
		{45AD9BF8-7F17-4E98-BE61-43ACC57DAF13}.Debug|Any CPU.Build.0 = Debug|Any CPU
		{45AD9BF8-7F17-4E98-BE61-43ACC57DAF13}.Release|Any CPU.ActiveCfg = Release|Any CPU
		{45AD9BF8-7F17-4E98-BE61-43ACC57DAF13}.Release|Any CPU.Build.0 = Release|Any CPU
		{C69ADFCA-38BD-4540-989D-9B64F6AD365B}.Debug|Any CPU.ActiveCfg = Debug|Any CPU
		{C69ADFCA-38BD-4540-989D-9B64F6AD365B}.Debug|Any CPU.Build.0 = Debug|Any CPU
		{C69ADFCA-38BD-4540-989D-9B64F6AD365B}.Release|Any CPU.ActiveCfg = Release|Any CPU
		{C69ADFCA-38BD-4540-989D-9B64F6AD365B}.Release|Any CPU.Build.0 = Release|Any CPU
		{CFA3049E-C0B0-4FF4-BFF6-086494D0F945}.Debug|Any CPU.ActiveCfg = Debug|Any CPU
		{CFA3049E-C0B0-4FF4-BFF6-086494D0F945}.Debug|Any CPU.Build.0 = Debug|Any CPU
		{CFA3049E-C0B0-4FF4-BFF6-086494D0F945}.Release|Any CPU.ActiveCfg = Release|Any CPU
		{CFA3049E-C0B0-4FF4-BFF6-086494D0F945}.Release|Any CPU.Build.0 = Release|Any CPU
		{EE29991C-FB3E-4BD0-997F-8E2B482F4118}.Debug|Any CPU.ActiveCfg = Debug|Any CPU
		{EE29991C-FB3E-4BD0-997F-8E2B482F4118}.Debug|Any CPU.Build.0 = Debug|Any CPU
		{EE29991C-FB3E-4BD0-997F-8E2B482F4118}.Release|Any CPU.ActiveCfg = Release|Any CPU
		{EE29991C-FB3E-4BD0-997F-8E2B482F4118}.Release|Any CPU.Build.0 = Release|Any CPU
		{D93F7C39-FBC9-42A2-97BF-ADAE02FAA091}.Debug|Any CPU.ActiveCfg = Debug|Any CPU
		{D93F7C39-FBC9-42A2-97BF-ADAE02FAA091}.Debug|Any CPU.Build.0 = Debug|Any CPU
		{D93F7C39-FBC9-42A2-97BF-ADAE02FAA091}.Release|Any CPU.ActiveCfg = Release|Any CPU
		{D93F7C39-FBC9-42A2-97BF-ADAE02FAA091}.Release|Any CPU.Build.0 = Release|Any CPU
		{0276BADC-F16F-48B2-834E-373436629485}.Debug|Any CPU.ActiveCfg = Debug|Any CPU
		{0276BADC-F16F-48B2-834E-373436629485}.Debug|Any CPU.Build.0 = Debug|Any CPU
		{0276BADC-F16F-48B2-834E-373436629485}.Release|Any CPU.ActiveCfg = Release|Any CPU
		{0276BADC-F16F-48B2-834E-373436629485}.Release|Any CPU.Build.0 = Release|Any CPU
		{73877DCB-2354-4BCB-92C1-14ACF65BDE3D}.Debug|Any CPU.ActiveCfg = Debug|Any CPU
		{73877DCB-2354-4BCB-92C1-14ACF65BDE3D}.Debug|Any CPU.Build.0 = Debug|Any CPU
		{73877DCB-2354-4BCB-92C1-14ACF65BDE3D}.Release|Any CPU.ActiveCfg = Release|Any CPU
		{73877DCB-2354-4BCB-92C1-14ACF65BDE3D}.Release|Any CPU.Build.0 = Release|Any CPU
		{CD09AF31-BD3F-4871-A9DA-3FECE04B1DE7}.Debug|Any CPU.ActiveCfg = Debug|Any CPU
		{CD09AF31-BD3F-4871-A9DA-3FECE04B1DE7}.Debug|Any CPU.Build.0 = Debug|Any CPU
		{CD09AF31-BD3F-4871-A9DA-3FECE04B1DE7}.Release|Any CPU.ActiveCfg = Release|Any CPU
		{CD09AF31-BD3F-4871-A9DA-3FECE04B1DE7}.Release|Any CPU.Build.0 = Release|Any CPU
		{5DA74DEE-0A2A-4188-87EC-9336B2AA920F}.Debug|Any CPU.ActiveCfg = Debug|Any CPU
		{5DA74DEE-0A2A-4188-87EC-9336B2AA920F}.Debug|Any CPU.Build.0 = Debug|Any CPU
		{5DA74DEE-0A2A-4188-87EC-9336B2AA920F}.Release|Any CPU.ActiveCfg = Release|Any CPU
		{5DA74DEE-0A2A-4188-87EC-9336B2AA920F}.Release|Any CPU.Build.0 = Release|Any CPU
		{A7FD6555-689D-48D9-84FC-CC2AA9E77042}.Debug|Any CPU.ActiveCfg = Debug|Any CPU
		{A7FD6555-689D-48D9-84FC-CC2AA9E77042}.Debug|Any CPU.Build.0 = Debug|Any CPU
		{A7FD6555-689D-48D9-84FC-CC2AA9E77042}.Release|Any CPU.ActiveCfg = Release|Any CPU
		{A7FD6555-689D-48D9-84FC-CC2AA9E77042}.Release|Any CPU.Build.0 = Release|Any CPU
		{5AC4355A-FA48-4C62-9D38-E1006DCF639D}.Debug|Any CPU.ActiveCfg = Debug|Any CPU
		{5AC4355A-FA48-4C62-9D38-E1006DCF639D}.Debug|Any CPU.Build.0 = Debug|Any CPU
		{5AC4355A-FA48-4C62-9D38-E1006DCF639D}.Release|Any CPU.ActiveCfg = Release|Any CPU
		{5AC4355A-FA48-4C62-9D38-E1006DCF639D}.Release|Any CPU.Build.0 = Release|Any CPU
		{4BFF4F03-D238-4737-AD44-895B88CF4BB8}.Debug|Any CPU.ActiveCfg = Debug|Any CPU
		{4BFF4F03-D238-4737-AD44-895B88CF4BB8}.Debug|Any CPU.Build.0 = Debug|Any CPU
		{4BFF4F03-D238-4737-AD44-895B88CF4BB8}.Release|Any CPU.ActiveCfg = Release|Any CPU
		{4BFF4F03-D238-4737-AD44-895B88CF4BB8}.Release|Any CPU.Build.0 = Release|Any CPU
	EndGlobalSection
	GlobalSection(SolutionProperties) = preSolution
		HideSolutionNode = FALSE
	EndGlobalSection
	GlobalSection(NestedProjects) = preSolution
		{07EAACD3-58A0-48DA-A7B3-6DFC3EDA58B0} = {968AC7B7-17FA-41A4-A643-9C4D03AC9525}
		{E721B55D-9EC6-4A67-9498-C987AD180CF9} = {968AC7B7-17FA-41A4-A643-9C4D03AC9525}
		{3A67564D-47AB-48E0-B635-452E385A0002} = {968AC7B7-17FA-41A4-A643-9C4D03AC9525}
		{0FE0674A-BB2A-4BBB-A6FD-B64B5FB8B6BC} = {968AC7B7-17FA-41A4-A643-9C4D03AC9525}
		{EE295413-183A-4645-834F-E39B5426BC9F} = {968AC7B7-17FA-41A4-A643-9C4D03AC9525}
		{5EB37E4A-5A2F-487A-8D03-7EDAD1C00041} = {968AC7B7-17FA-41A4-A643-9C4D03AC9525}
		{A5A80472-D05B-4777-877E-F6B0110572E0} = {968AC7B7-17FA-41A4-A643-9C4D03AC9525}
		{E3418B41-F3DE-4303-BA4B-E637CDC300B2} = {968AC7B7-17FA-41A4-A643-9C4D03AC9525}
		{2709A4F5-CC24-48D9-B4A5-76EB3EBE81C9} = {968AC7B7-17FA-41A4-A643-9C4D03AC9525}
		{651804C3-62B6-489E-B783-AA5C1FE287F5} = {968AC7B7-17FA-41A4-A643-9C4D03AC9525}
		{C4D294B6-9929-4128-AD88-2A325DE09500} = {968AC7B7-17FA-41A4-A643-9C4D03AC9525}
		{6457C98B-E9D1-4054-9DE6-87969746B6E6} = {968AC7B7-17FA-41A4-A643-9C4D03AC9525}
		{FFE84523-F825-476E-BA65-8D7D838D9433} = {968AC7B7-17FA-41A4-A643-9C4D03AC9525}
		{3196D97B-E9DB-4656-B810-294083133EA8} = {968AC7B7-17FA-41A4-A643-9C4D03AC9525}
		{C72D684C-5455-40FB-BFC4-55A47C37DFEC} = {B56A2C0A-54B0-48B8-8A25-64A9EB0ECDD0}
		{45AD9BF8-7F17-4E98-BE61-43ACC57DAF13} = {B56A2C0A-54B0-48B8-8A25-64A9EB0ECDD0}
		{C69ADFCA-38BD-4540-989D-9B64F6AD365B} = {B56A2C0A-54B0-48B8-8A25-64A9EB0ECDD0}
		{CFA3049E-C0B0-4FF4-BFF6-086494D0F945} = {B56A2C0A-54B0-48B8-8A25-64A9EB0ECDD0}
		{EE29991C-FB3E-4BD0-997F-8E2B482F4118} = {B56A2C0A-54B0-48B8-8A25-64A9EB0ECDD0}
		{D93F7C39-FBC9-42A2-97BF-ADAE02FAA091} = {968AC7B7-17FA-41A4-A643-9C4D03AC9525}
		{0276BADC-F16F-48B2-834E-373436629485} = {968AC7B7-17FA-41A4-A643-9C4D03AC9525}
		{73877DCB-2354-4BCB-92C1-14ACF65BDE3D} = {968AC7B7-17FA-41A4-A643-9C4D03AC9525}
		{CD09AF31-BD3F-4871-A9DA-3FECE04B1DE7} = {968AC7B7-17FA-41A4-A643-9C4D03AC9525}
		{5DA74DEE-0A2A-4188-87EC-9336B2AA920F} = {968AC7B7-17FA-41A4-A643-9C4D03AC9525}
		{A7FD6555-689D-48D9-84FC-CC2AA9E77042} = {968AC7B7-17FA-41A4-A643-9C4D03AC9525}
		{5AC4355A-FA48-4C62-9D38-E1006DCF639D} = {B56A2C0A-54B0-48B8-8A25-64A9EB0ECDD0}
		{4BFF4F03-D238-4737-AD44-895B88CF4BB8} = {968AC7B7-17FA-41A4-A643-9C4D03AC9525}
	EndGlobalSection
	GlobalSection(ExtensibilityGlobals) = postSolution
		SolutionGuid = {1E4B24D4-6FE9-4271-B972-1395D3515740}
	EndGlobalSection
EndGlobal
